// !$*UTF8*$!
{
	archiveVersion = 1;
	classes = {
	};
	objectVersion = 46;
	objects = {

/* Begin PBXBuildFile section */
		1A061C621C0D49AE00AE4E2C /* BookINPTableViewCell.swift in Sources */ = {isa = PBXBuildFile; fileRef = 1A061C601C0D49AE00AE4E2C /* BookINPTableViewCell.swift */; };
		1A061C631C0D49AE00AE4E2C /* BookINPTableViewCell.xib in Resources */ = {isa = PBXBuildFile; fileRef = 1A061C611C0D49AE00AE4E2C /* BookINPTableViewCell.xib */; };
		1A26AAD01C0F2CCC00329C3A /* NewBookViewController.swift in Sources */ = {isa = PBXBuildFile; fileRef = 1A26AACF1C0F2CCC00329C3A /* NewBookViewController.swift */; };
		1A7846231C0D844A00A6B416 /* Assets.xcassets in Resources */ = {isa = PBXBuildFile; fileRef = 1A7846221C0D844A00A6B416 /* Assets.xcassets */; };
		1A7846261C0D8E6400A6B416 /* BookTallyTableViewCell.swift in Sources */ = {isa = PBXBuildFile; fileRef = 1A7846241C0D8E6400A6B416 /* BookTallyTableViewCell.swift */; };
		1A7846271C0D8E6400A6B416 /* BookTallyTableViewCell.xib in Resources */ = {isa = PBXBuildFile; fileRef = 1A7846251C0D8E6400A6B416 /* BookTallyTableViewCell.xib */; };
		1A7846311C0E934A00A6B416 /* DataRepository.swift in Sources */ = {isa = PBXBuildFile; fileRef = 1A7846301C0E934A00A6B416 /* DataRepository.swift */; };
		291153E41C102ED800937D03 /* SettlementViewController.swift in Sources */ = {isa = PBXBuildFile; fileRef = 291153E21C102ED800937D03 /* SettlementViewController.swift */; };
		29617F091C19986500709171 /* NameCell.swift in Sources */ = {isa = PBXBuildFile; fileRef = 29617F081C19986500709171 /* NameCell.swift */; };
		29617F0B1C19991400709171 /* RecordCell.swift in Sources */ = {isa = PBXBuildFile; fileRef = 29617F0A1C19991400709171 /* RecordCell.swift */; };
		29617F101C199E1B00709171 /* libWeChatSDK.a in Frameworks */ = {isa = PBXBuildFile; fileRef = 29617F0C1C199E1B00709171 /* libWeChatSDK.a */; };
		29EB60F51C19C5CA000E11CE /* libc++.tbd in Frameworks */ = {isa = PBXBuildFile; fileRef = 29EB60F41C19C5CA000E11CE /* libc++.tbd */; };
		29EB60F71C19C611000E11CE /* CoreTelephony.framework in Frameworks */ = {isa = PBXBuildFile; fileRef = 29EB60F61C19C611000E11CE /* CoreTelephony.framework */; };
		490C83371C1682D900AA11C7 /* Bolts.framework in Frameworks */ = {isa = PBXBuildFile; fileRef = 490C83341C1682D900AA11C7 /* Bolts.framework */; };
		490C83381C1682D900AA11C7 /* Parse.framework in Frameworks */ = {isa = PBXBuildFile; fileRef = 490C83351C1682D900AA11C7 /* Parse.framework */; };
		490C83391C1682D900AA11C7 /* ParseUI.framework in Frameworks */ = {isa = PBXBuildFile; fileRef = 490C83361C1682D900AA11C7 /* ParseUI.framework */; };
		490C833B1C16835A00AA11C7 /* AudioToolbox.framework in Frameworks */ = {isa = PBXBuildFile; fileRef = 490C833A1C16835A00AA11C7 /* AudioToolbox.framework */; };
		490C833D1C16836600AA11C7 /* CFNetwork.framework in Frameworks */ = {isa = PBXBuildFile; fileRef = 490C833C1C16836600AA11C7 /* CFNetwork.framework */; };
		490C833F1C16837400AA11C7 /* CoreGraphics.framework in Frameworks */ = {isa = PBXBuildFile; fileRef = 490C833E1C16837400AA11C7 /* CoreGraphics.framework */; };
		490C83411C16839200AA11C7 /* CoreLocation.framework in Frameworks */ = {isa = PBXBuildFile; fileRef = 490C83401C16839200AA11C7 /* CoreLocation.framework */; };
		490C83431C1683A500AA11C7 /* QuartzCore.framework in Frameworks */ = {isa = PBXBuildFile; fileRef = 490C83421C1683A400AA11C7 /* QuartzCore.framework */; };
		490C83451C1683B000AA11C7 /* Security.framework in Frameworks */ = {isa = PBXBuildFile; fileRef = 490C83441C1683B000AA11C7 /* Security.framework */; };
		490C83471C16840900AA11C7 /* StoreKit.framework in Frameworks */ = {isa = PBXBuildFile; fileRef = 490C83461C16840900AA11C7 /* StoreKit.framework */; };
		490C83491C16841100AA11C7 /* SystemConfiguration.framework in Frameworks */ = {isa = PBXBuildFile; fileRef = 490C83481C16841100AA11C7 /* SystemConfiguration.framework */; };
		490C834B1C16841800AA11C7 /* libz.tbd in Frameworks */ = {isa = PBXBuildFile; fileRef = 490C834A1C16841800AA11C7 /* libz.tbd */; };
		490C834D1C16842000AA11C7 /* libsqlite3.tbd in Frameworks */ = {isa = PBXBuildFile; fileRef = 490C834C1C16842000AA11C7 /* libsqlite3.tbd */; };
		491263E21C0FF16C00E12FDD /* bookMemberCollectionViewCell.swift in Sources */ = {isa = PBXBuildFile; fileRef = 491263E11C0FF16C00E12FDD /* bookMemberCollectionViewCell.swift */; };
		491263E61C10AD5100E12FDD /* bookPopoverViewController.swift in Sources */ = {isa = PBXBuildFile; fileRef = 491263E51C10AD5100E12FDD /* bookPopoverViewController.swift */; };
		4919F0C21C0ACE5C0081E69F /* PersonalTally.storyboard in Resources */ = {isa = PBXBuildFile; fileRef = 4919F0C01C0ACE5C0081E69F /* PersonalTally.storyboard */; };
		492904621C0B247800DADCC7 /* bookTableViewCell.swift in Sources */ = {isa = PBXBuildFile; fileRef = 492904601C0B247800DADCC7 /* bookTableViewCell.swift */; };
		492904641C0B284900DADCC7 /* BookTableViewController.swift in Sources */ = {isa = PBXBuildFile; fileRef = 492904551C0B145E00DADCC7 /* BookTableViewController.swift */; };
		494FD4F01C0AD4A2002C2A12 /* RaisedTabBarController.swift in Sources */ = {isa = PBXBuildFile; fileRef = 494FD4EF1C0AD4A2002C2A12 /* RaisedTabBarController.swift */; };
		494FD4F21C0AD65D002C2A12 /* TabViewController.swift in Sources */ = {isa = PBXBuildFile; fileRef = 494FD4F11C0AD65D002C2A12 /* TabViewController.swift */; };
		4974DC371C166B9000F6B239 /* TakePicViewController.swift in Sources */ = {isa = PBXBuildFile; fileRef = 4974DC361C166B9000F6B239 /* TakePicViewController.swift */; };
		498D3DCF1C09D3560013E1EA /* AppDelegate.swift in Sources */ = {isa = PBXBuildFile; fileRef = 498D3DCE1C09D3560013E1EA /* AppDelegate.swift */; };
		498D3DD31C09D3560013E1EA /* PersonalTallyViewController.swift in Sources */ = {isa = PBXBuildFile; fileRef = 498D3DD21C09D3560013E1EA /* PersonalTallyViewController.swift */; };
		498D3DD61C09D3560013E1EA /* Main.storyboard in Resources */ = {isa = PBXBuildFile; fileRef = 498D3DD41C09D3560013E1EA /* Main.storyboard */; };
		498D3DDB1C09D3560013E1EA /* LaunchScreen.storyboard in Resources */ = {isa = PBXBuildFile; fileRef = 498D3DD91C09D3560013E1EA /* LaunchScreen.storyboard */; };
		498D3DE61C09D3560013E1EA /* GSpentTests.swift in Sources */ = {isa = PBXBuildFile; fileRef = 498D3DE51C09D3560013E1EA /* GSpentTests.swift */; };
		498D3DF11C09D3560013E1EA /* GSpentUITests.swift in Sources */ = {isa = PBXBuildFile; fileRef = 498D3DF01C09D3560013E1EA /* GSpentUITests.swift */; };
		498D3DFF1C09D8810013E1EA /* NewSpentViewController.swift in Sources */ = {isa = PBXBuildFile; fileRef = 498D3DFE1C09D8810013E1EA /* NewSpentViewController.swift */; };
		498D3E041C09EC330013E1EA /* Books.storyboard in Resources */ = {isa = PBXBuildFile; fileRef = 498D3E021C09EC330013E1EA /* Books.storyboard */; };
		49ADCFC31C1979CB00CA2494 /* GenerateReportViewController.swift in Sources */ = {isa = PBXBuildFile; fileRef = 49ADCFC21C1979CB00CA2494 /* GenerateReportViewController.swift */; };
		49ADCFC51C1979EF00CA2494 /* OweingData.swift in Sources */ = {isa = PBXBuildFile; fileRef = 49ADCFC41C1979EF00CA2494 /* OweingData.swift */; };
		49ADCFC71C197AAD00CA2494 /* Settlement.storyboard in Resources */ = {isa = PBXBuildFile; fileRef = 49ADCFC61C197AAD00CA2494 /* Settlement.storyboard */; };
		49B3721E1C0E16A700315A5D /* BookDetailViewController.swift in Sources */ = {isa = PBXBuildFile; fileRef = 49B3721D1C0E16A700315A5D /* BookDetailViewController.swift */; };
		49C3839D1C185870006A44BF /* SpentBookSelectionTableViewController.swift in Sources */ = {isa = PBXBuildFile; fileRef = 49C3839C1C185870006A44BF /* SpentBookSelectionTableViewController.swift */; };
		49C3839F1C18867E006A44BF /* BookMemberSelectionTableViewController.swift in Sources */ = {isa = PBXBuildFile; fileRef = 49C3839E1C18867E006A44BF /* BookMemberSelectionTableViewController.swift */; };
		49C383A11C1892F1006A44BF /* bookDetailTallyTableViewCell.swift in Sources */ = {isa = PBXBuildFile; fileRef = 49C383A01C1892F1006A44BF /* bookDetailTallyTableViewCell.swift */; };
		49CD51F11C1591F300B9FB13 /* spentCategoryCollectionViewCell.swift in Sources */ = {isa = PBXBuildFile; fileRef = 49CD51F01C1591F300B9FB13 /* spentCategoryCollectionViewCell.swift */; };
		49CD51F31C15B94600B9FB13 /* customTextField.xib in Resources */ = {isa = PBXBuildFile; fileRef = 49CD51F21C15B94600B9FB13 /* customTextField.xib */; };
		49CD51F51C15BBD700B9FB13 /* spentDescriptionTextFieldView.swift in Sources */ = {isa = PBXBuildFile; fileRef = 49CD51F41C15BBD700B9FB13 /* spentDescriptionTextFieldView.swift */; };
/* End PBXBuildFile section */

/* Begin PBXContainerItemProxy section */
		498D3DE21C09D3560013E1EA /* PBXContainerItemProxy */ = {
			isa = PBXContainerItemProxy;
			containerPortal = 498D3DC31C09D3560013E1EA /* Project object */;
			proxyType = 1;
			remoteGlobalIDString = 498D3DCA1C09D3560013E1EA;
			remoteInfo = GSpent;
		};
		498D3DED1C09D3560013E1EA /* PBXContainerItemProxy */ = {
			isa = PBXContainerItemProxy;
			containerPortal = 498D3DC31C09D3560013E1EA /* Project object */;
			proxyType = 1;
			remoteGlobalIDString = 498D3DCA1C09D3560013E1EA;
			remoteInfo = GSpent;
		};
/* End PBXContainerItemProxy section */

/* Begin PBXFileReference section */
		1A061C601C0D49AE00AE4E2C /* BookINPTableViewCell.swift */ = {isa = PBXFileReference; fileEncoding = 4; lastKnownFileType = sourcecode.swift; path = BookINPTableViewCell.swift; sourceTree = "<group>"; };
		1A061C611C0D49AE00AE4E2C /* BookINPTableViewCell.xib */ = {isa = PBXFileReference; fileEncoding = 4; lastKnownFileType = file.xib; path = BookINPTableViewCell.xib; sourceTree = "<group>"; };
		1A26AACF1C0F2CCC00329C3A /* NewBookViewController.swift */ = {isa = PBXFileReference; fileEncoding = 4; lastKnownFileType = sourcecode.swift; path = NewBookViewController.swift; sourceTree = "<group>"; };
		1A7846221C0D844A00A6B416 /* Assets.xcassets */ = {isa = PBXFileReference; lastKnownFileType = folder.assetcatalog; path = Assets.xcassets; sourceTree = "<group>"; };
		1A7846241C0D8E6400A6B416 /* BookTallyTableViewCell.swift */ = {isa = PBXFileReference; fileEncoding = 4; lastKnownFileType = sourcecode.swift; path = BookTallyTableViewCell.swift; sourceTree = "<group>"; };
		1A7846251C0D8E6400A6B416 /* BookTallyTableViewCell.xib */ = {isa = PBXFileReference; fileEncoding = 4; lastKnownFileType = file.xib; path = BookTallyTableViewCell.xib; sourceTree = "<group>"; };
		1A7846301C0E934A00A6B416 /* DataRepository.swift */ = {isa = PBXFileReference; fileEncoding = 4; lastKnownFileType = sourcecode.swift; path = DataRepository.swift; sourceTree = "<group>"; };
		291153E21C102ED800937D03 /* SettlementViewController.swift */ = {isa = PBXFileReference; fileEncoding = 4; lastKnownFileType = sourcecode.swift; path = SettlementViewController.swift; sourceTree = "<group>"; };
		29617F081C19986500709171 /* NameCell.swift */ = {isa = PBXFileReference; fileEncoding = 4; lastKnownFileType = sourcecode.swift; path = NameCell.swift; sourceTree = "<group>"; };
		29617F0A1C19991400709171 /* RecordCell.swift */ = {isa = PBXFileReference; fileEncoding = 4; lastKnownFileType = sourcecode.swift; path = RecordCell.swift; sourceTree = "<group>"; };
		29617F0C1C199E1B00709171 /* libWeChatSDK.a */ = {isa = PBXFileReference; lastKnownFileType = archive.ar; path = libWeChatSDK.a; sourceTree = "<group>"; };
		29617F0D1C199E1B00709171 /* WechatAuthSDK.h */ = {isa = PBXFileReference; fileEncoding = 4; lastKnownFileType = sourcecode.c.h; path = WechatAuthSDK.h; sourceTree = "<group>"; };
		29617F0E1C199E1B00709171 /* WXApi.h */ = {isa = PBXFileReference; fileEncoding = 4; lastKnownFileType = sourcecode.c.h; path = WXApi.h; sourceTree = "<group>"; };
		29617F0F1C199E1B00709171 /* WXApiObject.h */ = {isa = PBXFileReference; fileEncoding = 4; lastKnownFileType = sourcecode.c.h; path = WXApiObject.h; sourceTree = "<group>"; };
		29617F111C19A23E00709171 /* Header.h */ = {isa = PBXFileReference; lastKnownFileType = sourcecode.c.h; path = Header.h; sourceTree = "<group>"; };
		29EB60F41C19C5CA000E11CE /* libc++.tbd */ = {isa = PBXFileReference; lastKnownFileType = "sourcecode.text-based-dylib-definition"; name = "libc++.tbd"; path = "usr/lib/libc++.tbd"; sourceTree = SDKROOT; };
		29EB60F61C19C611000E11CE /* CoreTelephony.framework */ = {isa = PBXFileReference; lastKnownFileType = wrapper.framework; name = CoreTelephony.framework; path = System/Library/Frameworks/CoreTelephony.framework; sourceTree = SDKROOT; };
		490C83341C1682D900AA11C7 /* Bolts.framework */ = {isa = PBXFileReference; lastKnownFileType = wrapper.framework; path = Bolts.framework; sourceTree = "<group>"; };
		490C83351C1682D900AA11C7 /* Parse.framework */ = {isa = PBXFileReference; lastKnownFileType = wrapper.framework; path = Parse.framework; sourceTree = "<group>"; };
		490C83361C1682D900AA11C7 /* ParseUI.framework */ = {isa = PBXFileReference; lastKnownFileType = wrapper.framework; path = ParseUI.framework; sourceTree = "<group>"; };
		490C833A1C16835A00AA11C7 /* AudioToolbox.framework */ = {isa = PBXFileReference; lastKnownFileType = wrapper.framework; name = AudioToolbox.framework; path = System/Library/Frameworks/AudioToolbox.framework; sourceTree = SDKROOT; };
		490C833C1C16836600AA11C7 /* CFNetwork.framework */ = {isa = PBXFileReference; lastKnownFileType = wrapper.framework; name = CFNetwork.framework; path = System/Library/Frameworks/CFNetwork.framework; sourceTree = SDKROOT; };
		490C833E1C16837400AA11C7 /* CoreGraphics.framework */ = {isa = PBXFileReference; lastKnownFileType = wrapper.framework; name = CoreGraphics.framework; path = System/Library/Frameworks/CoreGraphics.framework; sourceTree = SDKROOT; };
		490C83401C16839200AA11C7 /* CoreLocation.framework */ = {isa = PBXFileReference; lastKnownFileType = wrapper.framework; name = CoreLocation.framework; path = System/Library/Frameworks/CoreLocation.framework; sourceTree = SDKROOT; };
		490C83421C1683A400AA11C7 /* QuartzCore.framework */ = {isa = PBXFileReference; lastKnownFileType = wrapper.framework; name = QuartzCore.framework; path = System/Library/Frameworks/QuartzCore.framework; sourceTree = SDKROOT; };
		490C83441C1683B000AA11C7 /* Security.framework */ = {isa = PBXFileReference; lastKnownFileType = wrapper.framework; name = Security.framework; path = System/Library/Frameworks/Security.framework; sourceTree = SDKROOT; };
		490C83461C16840900AA11C7 /* StoreKit.framework */ = {isa = PBXFileReference; lastKnownFileType = wrapper.framework; name = StoreKit.framework; path = System/Library/Frameworks/StoreKit.framework; sourceTree = SDKROOT; };
		490C83481C16841100AA11C7 /* SystemConfiguration.framework */ = {isa = PBXFileReference; lastKnownFileType = wrapper.framework; name = SystemConfiguration.framework; path = System/Library/Frameworks/SystemConfiguration.framework; sourceTree = SDKROOT; };
		490C834A1C16841800AA11C7 /* libz.tbd */ = {isa = PBXFileReference; lastKnownFileType = "sourcecode.text-based-dylib-definition"; name = libz.tbd; path = usr/lib/libz.tbd; sourceTree = SDKROOT; };
		490C834C1C16842000AA11C7 /* libsqlite3.tbd */ = {isa = PBXFileReference; lastKnownFileType = "sourcecode.text-based-dylib-definition"; name = libsqlite3.tbd; path = usr/lib/libsqlite3.tbd; sourceTree = SDKROOT; };
		491263E11C0FF16C00E12FDD /* bookMemberCollectionViewCell.swift */ = {isa = PBXFileReference; fileEncoding = 4; lastKnownFileType = sourcecode.swift; path = bookMemberCollectionViewCell.swift; sourceTree = "<group>"; };
		491263E51C10AD5100E12FDD /* bookPopoverViewController.swift */ = {isa = PBXFileReference; fileEncoding = 4; lastKnownFileType = sourcecode.swift; path = bookPopoverViewController.swift; sourceTree = "<group>"; };
		4919F0C11C0ACE5C0081E69F /* Base */ = {isa = PBXFileReference; lastKnownFileType = file.storyboard; name = Base; path = Base.lproj/PersonalTally.storyboard; sourceTree = "<group>"; };
		492904551C0B145E00DADCC7 /* BookTableViewController.swift */ = {isa = PBXFileReference; fileEncoding = 4; lastKnownFileType = sourcecode.swift; path = BookTableViewController.swift; sourceTree = "<group>"; };
		492904601C0B247800DADCC7 /* bookTableViewCell.swift */ = {isa = PBXFileReference; fileEncoding = 4; lastKnownFileType = sourcecode.swift; path = bookTableViewCell.swift; sourceTree = "<group>"; };
		494FD4EF1C0AD4A2002C2A12 /* RaisedTabBarController.swift */ = {isa = PBXFileReference; fileEncoding = 4; lastKnownFileType = sourcecode.swift; path = RaisedTabBarController.swift; sourceTree = "<group>"; };
		494FD4F11C0AD65D002C2A12 /* TabViewController.swift */ = {isa = PBXFileReference; fileEncoding = 4; lastKnownFileType = sourcecode.swift; path = TabViewController.swift; sourceTree = "<group>"; };
		4974DC361C166B9000F6B239 /* TakePicViewController.swift */ = {isa = PBXFileReference; fileEncoding = 4; lastKnownFileType = sourcecode.swift; path = TakePicViewController.swift; sourceTree = "<group>"; };
		498D3DCB1C09D3560013E1EA /* GSpent.app */ = {isa = PBXFileReference; explicitFileType = wrapper.application; includeInIndex = 0; path = GSpent.app; sourceTree = BUILT_PRODUCTS_DIR; };
		498D3DCE1C09D3560013E1EA /* AppDelegate.swift */ = {isa = PBXFileReference; lastKnownFileType = sourcecode.swift; path = AppDelegate.swift; sourceTree = "<group>"; };
		498D3DD21C09D3560013E1EA /* PersonalTallyViewController.swift */ = {isa = PBXFileReference; lastKnownFileType = sourcecode.swift; path = PersonalTallyViewController.swift; sourceTree = "<group>"; };
		498D3DD51C09D3560013E1EA /* Base */ = {isa = PBXFileReference; lastKnownFileType = file.storyboard; name = Base; path = Base.lproj/Main.storyboard; sourceTree = "<group>"; };
		498D3DDA1C09D3560013E1EA /* Base */ = {isa = PBXFileReference; lastKnownFileType = file.storyboard; name = Base; path = Base.lproj/LaunchScreen.storyboard; sourceTree = "<group>"; };
		498D3DDC1C09D3560013E1EA /* Info.plist */ = {isa = PBXFileReference; lastKnownFileType = text.plist.xml; path = Info.plist; sourceTree = "<group>"; };
		498D3DE11C09D3560013E1EA /* GSpentTests.xctest */ = {isa = PBXFileReference; explicitFileType = wrapper.cfbundle; includeInIndex = 0; path = GSpentTests.xctest; sourceTree = BUILT_PRODUCTS_DIR; };
		498D3DE51C09D3560013E1EA /* GSpentTests.swift */ = {isa = PBXFileReference; lastKnownFileType = sourcecode.swift; path = GSpentTests.swift; sourceTree = "<group>"; };
		498D3DE71C09D3560013E1EA /* Info.plist */ = {isa = PBXFileReference; lastKnownFileType = text.plist.xml; path = Info.plist; sourceTree = "<group>"; };
		498D3DEC1C09D3560013E1EA /* GSpentUITests.xctest */ = {isa = PBXFileReference; explicitFileType = wrapper.cfbundle; includeInIndex = 0; path = GSpentUITests.xctest; sourceTree = BUILT_PRODUCTS_DIR; };
		498D3DF01C09D3560013E1EA /* GSpentUITests.swift */ = {isa = PBXFileReference; lastKnownFileType = sourcecode.swift; path = GSpentUITests.swift; sourceTree = "<group>"; };
		498D3DF21C09D3560013E1EA /* Info.plist */ = {isa = PBXFileReference; lastKnownFileType = text.plist.xml; path = Info.plist; sourceTree = "<group>"; };
		498D3DFE1C09D8810013E1EA /* NewSpentViewController.swift */ = {isa = PBXFileReference; fileEncoding = 4; lastKnownFileType = sourcecode.swift; path = NewSpentViewController.swift; sourceTree = "<group>"; };
		498D3E031C09EC330013E1EA /* Base */ = {isa = PBXFileReference; lastKnownFileType = file.storyboard; name = Base; path = Base.lproj/Books.storyboard; sourceTree = "<group>"; };
		49ADCFC21C1979CB00CA2494 /* GenerateReportViewController.swift */ = {isa = PBXFileReference; fileEncoding = 4; lastKnownFileType = sourcecode.swift; path = GenerateReportViewController.swift; sourceTree = "<group>"; };
		49ADCFC41C1979EF00CA2494 /* OweingData.swift */ = {isa = PBXFileReference; fileEncoding = 4; lastKnownFileType = sourcecode.swift; path = OweingData.swift; sourceTree = "<group>"; };
		49ADCFC61C197AAD00CA2494 /* Settlement.storyboard */ = {isa = PBXFileReference; fileEncoding = 4; lastKnownFileType = file.storyboard; path = Settlement.storyboard; sourceTree = "<group>"; };
		49B3721D1C0E16A700315A5D /* BookDetailViewController.swift */ = {isa = PBXFileReference; fileEncoding = 4; lastKnownFileType = sourcecode.swift; path = BookDetailViewController.swift; sourceTree = "<group>"; };
		49C3839C1C185870006A44BF /* SpentBookSelectionTableViewController.swift */ = {isa = PBXFileReference; fileEncoding = 4; lastKnownFileType = sourcecode.swift; path = SpentBookSelectionTableViewController.swift; sourceTree = "<group>"; };
		49C3839E1C18867E006A44BF /* BookMemberSelectionTableViewController.swift */ = {isa = PBXFileReference; fileEncoding = 4; lastKnownFileType = sourcecode.swift; path = BookMemberSelectionTableViewController.swift; sourceTree = "<group>"; };
		49C383A01C1892F1006A44BF /* bookDetailTallyTableViewCell.swift */ = {isa = PBXFileReference; fileEncoding = 4; lastKnownFileType = sourcecode.swift; path = bookDetailTallyTableViewCell.swift; sourceTree = "<group>"; };
		49CD51F01C1591F300B9FB13 /* spentCategoryCollectionViewCell.swift */ = {isa = PBXFileReference; fileEncoding = 4; lastKnownFileType = sourcecode.swift; path = spentCategoryCollectionViewCell.swift; sourceTree = "<group>"; };
		49CD51F21C15B94600B9FB13 /* customTextField.xib */ = {isa = PBXFileReference; fileEncoding = 4; lastKnownFileType = file.xib; path = customTextField.xib; sourceTree = "<group>"; };
		49CD51F41C15BBD700B9FB13 /* spentDescriptionTextFieldView.swift */ = {isa = PBXFileReference; fileEncoding = 4; lastKnownFileType = sourcecode.swift; path = spentDescriptionTextFieldView.swift; sourceTree = "<group>"; };
/* End PBXFileReference section */

/* Begin PBXFrameworksBuildPhase section */
		498D3DC81C09D3560013E1EA /* Frameworks */ = {
			isa = PBXFrameworksBuildPhase;
			buildActionMask = 2147483647;
			files = (
				29EB60F71C19C611000E11CE /* CoreTelephony.framework in Frameworks */,
				29EB60F51C19C5CA000E11CE /* libc++.tbd in Frameworks */,
				29617F101C199E1B00709171 /* libWeChatSDK.a in Frameworks */,
				490C834D1C16842000AA11C7 /* libsqlite3.tbd in Frameworks */,
				490C834B1C16841800AA11C7 /* libz.tbd in Frameworks */,
				490C83491C16841100AA11C7 /* SystemConfiguration.framework in Frameworks */,
				490C83471C16840900AA11C7 /* StoreKit.framework in Frameworks */,
				490C83451C1683B000AA11C7 /* Security.framework in Frameworks */,
				490C83431C1683A500AA11C7 /* QuartzCore.framework in Frameworks */,
				490C83411C16839200AA11C7 /* CoreLocation.framework in Frameworks */,
				490C833F1C16837400AA11C7 /* CoreGraphics.framework in Frameworks */,
				490C833D1C16836600AA11C7 /* CFNetwork.framework in Frameworks */,
				490C833B1C16835A00AA11C7 /* AudioToolbox.framework in Frameworks */,
				490C83391C1682D900AA11C7 /* ParseUI.framework in Frameworks */,
				490C83381C1682D900AA11C7 /* Parse.framework in Frameworks */,
				490C83371C1682D900AA11C7 /* Bolts.framework in Frameworks */,
			);
			runOnlyForDeploymentPostprocessing = 0;
		};
		498D3DDE1C09D3560013E1EA /* Frameworks */ = {
			isa = PBXFrameworksBuildPhase;
			buildActionMask = 2147483647;
			files = (
			);
			runOnlyForDeploymentPostprocessing = 0;
		};
		498D3DE91C09D3560013E1EA /* Frameworks */ = {
			isa = PBXFrameworksBuildPhase;
			buildActionMask = 2147483647;
			files = (
			);
			runOnlyForDeploymentPostprocessing = 0;
		};
/* End PBXFrameworksBuildPhase section */

/* Begin PBXGroup section */
		1A061C5F1C0D41DC00AE4E2C /* UI */ = {
			isa = PBXGroup;
			children = (
				1A061C601C0D49AE00AE4E2C /* BookINPTableViewCell.swift */,
				1A061C611C0D49AE00AE4E2C /* BookINPTableViewCell.xib */,
				1A7846241C0D8E6400A6B416 /* BookTallyTableViewCell.swift */,
				1A7846251C0D8E6400A6B416 /* BookTallyTableViewCell.xib */,
			);
			name = UI;
			sourceTree = "<group>";
		};
		1AEFE52F1C0ADCE600966622 /* Tally */ = {
			isa = PBXGroup;
			children = (
				1A061C5F1C0D41DC00AE4E2C /* UI */,
				498D3DD21C09D3560013E1EA /* PersonalTallyViewController.swift */,
				4919F0C01C0ACE5C0081E69F /* PersonalTally.storyboard */,
			);
			name = Tally;
			sourceTree = "<group>";
		};
		490C83331C16826000AA11C7 /* Frameworks */ = {
			isa = PBXGroup;
			children = (
				29EB60F61C19C611000E11CE /* CoreTelephony.framework */,
				29EB60F41C19C5CA000E11CE /* libc++.tbd */,
				490C834C1C16842000AA11C7 /* libsqlite3.tbd */,
				490C834A1C16841800AA11C7 /* libz.tbd */,
				490C83481C16841100AA11C7 /* SystemConfiguration.framework */,
				490C83461C16840900AA11C7 /* StoreKit.framework */,
				490C83441C1683B000AA11C7 /* Security.framework */,
				490C83421C1683A400AA11C7 /* QuartzCore.framework */,
				490C83401C16839200AA11C7 /* CoreLocation.framework */,
				490C833E1C16837400AA11C7 /* CoreGraphics.framework */,
				490C833C1C16836600AA11C7 /* CFNetwork.framework */,
				490C833A1C16835A00AA11C7 /* AudioToolbox.framework */,
				490C83341C1682D900AA11C7 /* Bolts.framework */,
				490C83351C1682D900AA11C7 /* Parse.framework */,
				490C83361C1682D900AA11C7 /* ParseUI.framework */,
			);
			name = Frameworks;
			path = GSpent;
			sourceTree = "<group>";
		};
		4929045D1C0B234800DADCC7 /* Books */ = {
			isa = PBXGroup;
			children = (
				498D3E021C09EC330013E1EA /* Books.storyboard */,
				492EAD011C0D9A1800FB69D8 /* UI */,
				1A26AACF1C0F2CCC00329C3A /* NewBookViewController.swift */,
				49B3721D1C0E16A700315A5D /* BookDetailViewController.swift */,
				492904551C0B145E00DADCC7 /* BookTableViewController.swift */,
				291153E21C102ED800937D03 /* SettlementViewController.swift */,
				49C3839E1C18867E006A44BF /* BookMemberSelectionTableViewController.swift */,
				49ADCFC21C1979CB00CA2494 /* GenerateReportViewController.swift */,
				49ADCFC41C1979EF00CA2494 /* OweingData.swift */,
			);
			name = Books;
			sourceTree = "<group>";
		};
		492EAD011C0D9A1800FB69D8 /* UI */ = {
			isa = PBXGroup;
			children = (
				492904601C0B247800DADCC7 /* bookTableViewCell.swift */,
				491263E11C0FF16C00E12FDD /* bookMemberCollectionViewCell.swift */,
				491263E51C10AD5100E12FDD /* bookPopoverViewController.swift */,
				29617F081C19986500709171 /* NameCell.swift */,
				29617F0A1C19991400709171 /* RecordCell.swift */,
				49C383A01C1892F1006A44BF /* bookDetailTallyTableViewCell.swift */,
				49ADCFC61C197AAD00CA2494 /* Settlement.storyboard */,
			);
			name = UI;
			sourceTree = "<group>";
		};
		4974DC351C166B6700F6B239 /* Universal */ = {
			isa = PBXGroup;
			children = (
				4974DC361C166B9000F6B239 /* TakePicViewController.swift */,
			);
			name = Universal;
			sourceTree = "<group>";
		};
		498D3DC21C09D3560013E1EA = {
			isa = PBXGroup;
			children = (
				498D3DCD1C09D3560013E1EA /* GSpent */,
				498D3DE41C09D3560013E1EA /* GSpentTests */,
				498D3DEF1C09D3560013E1EA /* GSpentUITests */,
				498D3DCC1C09D3560013E1EA /* Products */,
				490C83331C16826000AA11C7 /* Frameworks */,
			);
			sourceTree = "<group>";
		};
		498D3DCC1C09D3560013E1EA /* Products */ = {
			isa = PBXGroup;
			children = (
				498D3DCB1C09D3560013E1EA /* GSpent.app */,
				498D3DE11C09D3560013E1EA /* GSpentTests.xctest */,
				498D3DEC1C09D3560013E1EA /* GSpentUITests.xctest */,
			);
			name = Products;
			sourceTree = "<group>";
		};
		498D3DCD1C09D3560013E1EA /* GSpent */ = {
			isa = PBXGroup;
			children = (
				29617F0C1C199E1B00709171 /* libWeChatSDK.a */,
				29617F0D1C199E1B00709171 /* WechatAuthSDK.h */,
				29617F0E1C199E1B00709171 /* WXApi.h */,
				29617F0F1C199E1B00709171 /* WXApiObject.h */,
				29617F111C19A23E00709171 /* Header.h */,
				4974DC351C166B6700F6B239 /* Universal */,
				49CD51EE1C1591C700B9FB13 /* Spent */,
				4929045D1C0B234800DADCC7 /* Books */,
				1AEFE52F1C0ADCE600966622 /* Tally */,
				498D3DCE1C09D3560013E1EA /* AppDelegate.swift */,
				1A7846301C0E934A00A6B416 /* DataRepository.swift */,
				498D3DD41C09D3560013E1EA /* Main.storyboard */,
				498D3DD91C09D3560013E1EA /* LaunchScreen.storyboard */,
				498D3DDC1C09D3560013E1EA /* Info.plist */,
				494FD4EF1C0AD4A2002C2A12 /* RaisedTabBarController.swift */,
				494FD4F11C0AD65D002C2A12 /* TabViewController.swift */,
				1A7846221C0D844A00A6B416 /* Assets.xcassets */,
			);
			path = GSpent;
			sourceTree = "<group>";
		};
		498D3DE41C09D3560013E1EA /* GSpentTests */ = {
			isa = PBXGroup;
			children = (
				498D3DE51C09D3560013E1EA /* GSpentTests.swift */,
				498D3DE71C09D3560013E1EA /* Info.plist */,
			);
			path = GSpentTests;
			sourceTree = "<group>";
		};
		498D3DEF1C09D3560013E1EA /* GSpentUITests */ = {
			isa = PBXGroup;
			children = (
				498D3DF01C09D3560013E1EA /* GSpentUITests.swift */,
				498D3DF21C09D3560013E1EA /* Info.plist */,
			);
			path = GSpentUITests;
			sourceTree = "<group>";
		};
		49CD51EE1C1591C700B9FB13 /* Spent */ = {
			isa = PBXGroup;
			children = (
				498D3DFE1C09D8810013E1EA /* NewSpentViewController.swift */,
				49CD51EF1C1591D200B9FB13 /* UI */,
				49C3839C1C185870006A44BF /* SpentBookSelectionTableViewController.swift */,
			);
			name = Spent;
			sourceTree = "<group>";
		};
		49CD51EF1C1591D200B9FB13 /* UI */ = {
			isa = PBXGroup;
			children = (
				49CD51F01C1591F300B9FB13 /* spentCategoryCollectionViewCell.swift */,
				49CD51F41C15BBD700B9FB13 /* spentDescriptionTextFieldView.swift */,
				49CD51F21C15B94600B9FB13 /* customTextField.xib */,
			);
			name = UI;
			sourceTree = "<group>";
		};
/* End PBXGroup section */

/* Begin PBXNativeTarget section */
		498D3DCA1C09D3560013E1EA /* GSpent */ = {
			isa = PBXNativeTarget;
			buildConfigurationList = 498D3DF51C09D3560013E1EA /* Build configuration list for PBXNativeTarget "GSpent" */;
			buildPhases = (
				498D3DC71C09D3560013E1EA /* Sources */,
				498D3DC81C09D3560013E1EA /* Frameworks */,
				498D3DC91C09D3560013E1EA /* Resources */,
			);
			buildRules = (
			);
			dependencies = (
			);
			name = GSpent;
			productName = GSpent;
			productReference = 498D3DCB1C09D3560013E1EA /* GSpent.app */;
			productType = "com.apple.product-type.application";
		};
		498D3DE01C09D3560013E1EA /* GSpentTests */ = {
			isa = PBXNativeTarget;
			buildConfigurationList = 498D3DF81C09D3560013E1EA /* Build configuration list for PBXNativeTarget "GSpentTests" */;
			buildPhases = (
				498D3DDD1C09D3560013E1EA /* Sources */,
				498D3DDE1C09D3560013E1EA /* Frameworks */,
				498D3DDF1C09D3560013E1EA /* Resources */,
			);
			buildRules = (
			);
			dependencies = (
				498D3DE31C09D3560013E1EA /* PBXTargetDependency */,
			);
			name = GSpentTests;
			productName = GSpentTests;
			productReference = 498D3DE11C09D3560013E1EA /* GSpentTests.xctest */;
			productType = "com.apple.product-type.bundle.unit-test";
		};
		498D3DEB1C09D3560013E1EA /* GSpentUITests */ = {
			isa = PBXNativeTarget;
			buildConfigurationList = 498D3DFB1C09D3560013E1EA /* Build configuration list for PBXNativeTarget "GSpentUITests" */;
			buildPhases = (
				498D3DE81C09D3560013E1EA /* Sources */,
				498D3DE91C09D3560013E1EA /* Frameworks */,
				498D3DEA1C09D3560013E1EA /* Resources */,
			);
			buildRules = (
			);
			dependencies = (
				498D3DEE1C09D3560013E1EA /* PBXTargetDependency */,
			);
			name = GSpentUITests;
			productName = GSpentUITests;
			productReference = 498D3DEC1C09D3560013E1EA /* GSpentUITests.xctest */;
			productType = "com.apple.product-type.bundle.ui-testing";
		};
/* End PBXNativeTarget section */

/* Begin PBXProject section */
		498D3DC31C09D3560013E1EA /* Project object */ = {
			isa = PBXProject;
			attributes = {
				LastSwiftUpdateCheck = 0710;
				LastUpgradeCheck = 0710;
				ORGANIZATIONNAME = "LIU Jiahe";
				TargetAttributes = {
					498D3DCA1C09D3560013E1EA = {
						CreatedOnToolsVersion = 7.1.1;
						DevelopmentTeam = HNWACE57P8;
					};
					498D3DE01C09D3560013E1EA = {
						CreatedOnToolsVersion = 7.1.1;
						TestTargetID = 498D3DCA1C09D3560013E1EA;
					};
					498D3DEB1C09D3560013E1EA = {
						CreatedOnToolsVersion = 7.1.1;
						TestTargetID = 498D3DCA1C09D3560013E1EA;
					};
				};
			};
			buildConfigurationList = 498D3DC61C09D3560013E1EA /* Build configuration list for PBXProject "GSpent" */;
			compatibilityVersion = "Xcode 3.2";
			developmentRegion = English;
			hasScannedForEncodings = 0;
			knownRegions = (
				en,
				Base,
			);
			mainGroup = 498D3DC21C09D3560013E1EA;
			productRefGroup = 498D3DCC1C09D3560013E1EA /* Products */;
			projectDirPath = "";
			projectRoot = "";
			targets = (
				498D3DCA1C09D3560013E1EA /* GSpent */,
				498D3DE01C09D3560013E1EA /* GSpentTests */,
				498D3DEB1C09D3560013E1EA /* GSpentUITests */,
			);
		};
/* End PBXProject section */

/* Begin PBXResourcesBuildPhase section */
		498D3DC91C09D3560013E1EA /* Resources */ = {
			isa = PBXResourcesBuildPhase;
			buildActionMask = 2147483647;
			files = (
				49CD51F31C15B94600B9FB13 /* customTextField.xib in Resources */,
				4919F0C21C0ACE5C0081E69F /* PersonalTally.storyboard in Resources */,
				498D3DDB1C09D3560013E1EA /* LaunchScreen.storyboard in Resources */,
				1A061C631C0D49AE00AE4E2C /* BookINPTableViewCell.xib in Resources */,
				49ADCFC71C197AAD00CA2494 /* Settlement.storyboard in Resources */,
				498D3E041C09EC330013E1EA /* Books.storyboard in Resources */,
				1A7846231C0D844A00A6B416 /* Assets.xcassets in Resources */,
				498D3DD61C09D3560013E1EA /* Main.storyboard in Resources */,
				1A7846271C0D8E6400A6B416 /* BookTallyTableViewCell.xib in Resources */,
			);
			runOnlyForDeploymentPostprocessing = 0;
		};
		498D3DDF1C09D3560013E1EA /* Resources */ = {
			isa = PBXResourcesBuildPhase;
			buildActionMask = 2147483647;
			files = (
			);
			runOnlyForDeploymentPostprocessing = 0;
		};
		498D3DEA1C09D3560013E1EA /* Resources */ = {
			isa = PBXResourcesBuildPhase;
			buildActionMask = 2147483647;
			files = (
			);
			runOnlyForDeploymentPostprocessing = 0;
		};
/* End PBXResourcesBuildPhase section */

/* Begin PBXSourcesBuildPhase section */
		498D3DC71C09D3560013E1EA /* Sources */ = {
			isa = PBXSourcesBuildPhase;
			buildActionMask = 2147483647;
			files = (
				1A26AAD01C0F2CCC00329C3A /* NewBookViewController.swift in Sources */,
				49ADCFC31C1979CB00CA2494 /* GenerateReportViewController.swift in Sources */,
				492904641C0B284900DADCC7 /* BookTableViewController.swift in Sources */,
				1A7846311C0E934A00A6B416 /* DataRepository.swift in Sources */,
				1A061C621C0D49AE00AE4E2C /* BookINPTableViewCell.swift in Sources */,
				494FD4F21C0AD65D002C2A12 /* TabViewController.swift in Sources */,
				491263E21C0FF16C00E12FDD /* bookMemberCollectionViewCell.swift in Sources */,
				49CD51F51C15BBD700B9FB13 /* spentDescriptionTextFieldView.swift in Sources */,
				49C383A11C1892F1006A44BF /* bookDetailTallyTableViewCell.swift in Sources */,
				49C3839F1C18867E006A44BF /* BookMemberSelectionTableViewController.swift in Sources */,
				494FD4F01C0AD4A2002C2A12 /* RaisedTabBarController.swift in Sources */,
				291153E41C102ED800937D03 /* SettlementViewController.swift in Sources */,
				49B3721E1C0E16A700315A5D /* BookDetailViewController.swift in Sources */,
				49C3839D1C185870006A44BF /* SpentBookSelectionTableViewController.swift in Sources */,
				498D3DD31C09D3560013E1EA /* PersonalTallyViewController.swift in Sources */,
				492904621C0B247800DADCC7 /* bookTableViewCell.swift in Sources */,
				4974DC371C166B9000F6B239 /* TakePicViewController.swift in Sources */,
				491263E61C10AD5100E12FDD /* bookPopoverViewController.swift in Sources */,
				29617F091C19986500709171 /* NameCell.swift in Sources */,
				29617F0B1C19991400709171 /* RecordCell.swift in Sources */,
				1A7846261C0D8E6400A6B416 /* BookTallyTableViewCell.swift in Sources */,
				498D3DCF1C09D3560013E1EA /* AppDelegate.swift in Sources */,
				498D3DFF1C09D8810013E1EA /* NewSpentViewController.swift in Sources */,
				49CD51F11C1591F300B9FB13 /* spentCategoryCollectionViewCell.swift in Sources */,
				49ADCFC51C1979EF00CA2494 /* OweingData.swift in Sources */,
			);
			runOnlyForDeploymentPostprocessing = 0;
		};
		498D3DDD1C09D3560013E1EA /* Sources */ = {
			isa = PBXSourcesBuildPhase;
			buildActionMask = 2147483647;
			files = (
				498D3DE61C09D3560013E1EA /* GSpentTests.swift in Sources */,
			);
			runOnlyForDeploymentPostprocessing = 0;
		};
		498D3DE81C09D3560013E1EA /* Sources */ = {
			isa = PBXSourcesBuildPhase;
			buildActionMask = 2147483647;
			files = (
				498D3DF11C09D3560013E1EA /* GSpentUITests.swift in Sources */,
			);
			runOnlyForDeploymentPostprocessing = 0;
		};
/* End PBXSourcesBuildPhase section */

/* Begin PBXTargetDependency section */
		498D3DE31C09D3560013E1EA /* PBXTargetDependency */ = {
			isa = PBXTargetDependency;
			target = 498D3DCA1C09D3560013E1EA /* GSpent */;
			targetProxy = 498D3DE21C09D3560013E1EA /* PBXContainerItemProxy */;
		};
		498D3DEE1C09D3560013E1EA /* PBXTargetDependency */ = {
			isa = PBXTargetDependency;
			target = 498D3DCA1C09D3560013E1EA /* GSpent */;
			targetProxy = 498D3DED1C09D3560013E1EA /* PBXContainerItemProxy */;
		};
/* End PBXTargetDependency section */

/* Begin PBXVariantGroup section */
		4919F0C01C0ACE5C0081E69F /* PersonalTally.storyboard */ = {
			isa = PBXVariantGroup;
			children = (
				4919F0C11C0ACE5C0081E69F /* Base */,
			);
			name = PersonalTally.storyboard;
			sourceTree = "<group>";
		};
		498D3DD41C09D3560013E1EA /* Main.storyboard */ = {
			isa = PBXVariantGroup;
			children = (
				498D3DD51C09D3560013E1EA /* Base */,
			);
			name = Main.storyboard;
			sourceTree = "<group>";
		};
		498D3DD91C09D3560013E1EA /* LaunchScreen.storyboard */ = {
			isa = PBXVariantGroup;
			children = (
				498D3DDA1C09D3560013E1EA /* Base */,
			);
			name = LaunchScreen.storyboard;
			sourceTree = "<group>";
		};
		498D3E021C09EC330013E1EA /* Books.storyboard */ = {
			isa = PBXVariantGroup;
			children = (
				498D3E031C09EC330013E1EA /* Base */,
			);
			name = Books.storyboard;
			sourceTree = "<group>";
		};
/* End PBXVariantGroup section */

/* Begin XCBuildConfiguration section */
		498D3DF31C09D3560013E1EA /* Debug */ = {
			isa = XCBuildConfiguration;
			buildSettings = {
				ALWAYS_SEARCH_USER_PATHS = NO;
				CLANG_CXX_LANGUAGE_STANDARD = "gnu++0x";
				CLANG_CXX_LIBRARY = "libc++";
				CLANG_ENABLE_MODULES = YES;
				CLANG_ENABLE_OBJC_ARC = YES;
				CLANG_WARN_BOOL_CONVERSION = YES;
				CLANG_WARN_CONSTANT_CONVERSION = YES;
				CLANG_WARN_DIRECT_OBJC_ISA_USAGE = YES_ERROR;
				CLANG_WARN_EMPTY_BODY = YES;
				CLANG_WARN_ENUM_CONVERSION = YES;
				CLANG_WARN_INT_CONVERSION = YES;
				CLANG_WARN_OBJC_ROOT_CLASS = YES_ERROR;
				CLANG_WARN_UNREACHABLE_CODE = YES;
				CLANG_WARN__DUPLICATE_METHOD_MATCH = YES;
				"CODE_SIGN_IDENTITY[sdk=iphoneos*]" = "iPhone Developer";
				COPY_PHASE_STRIP = NO;
				DEBUG_INFORMATION_FORMAT = dwarf;
				ENABLE_STRICT_OBJC_MSGSEND = YES;
				ENABLE_TESTABILITY = YES;
				GCC_C_LANGUAGE_STANDARD = gnu99;
				GCC_DYNAMIC_NO_PIC = NO;
				GCC_NO_COMMON_BLOCKS = YES;
				GCC_OPTIMIZATION_LEVEL = 0;
				GCC_PREPROCESSOR_DEFINITIONS = (
					"DEBUG=1",
					"$(inherited)",
				);
				GCC_WARN_64_TO_32_BIT_CONVERSION = YES;
				GCC_WARN_ABOUT_RETURN_TYPE = YES_ERROR;
				GCC_WARN_UNDECLARED_SELECTOR = YES;
				GCC_WARN_UNINITIALIZED_AUTOS = YES_AGGRESSIVE;
				GCC_WARN_UNUSED_FUNCTION = YES;
				GCC_WARN_UNUSED_VARIABLE = YES;
				IPHONEOS_DEPLOYMENT_TARGET = 9.1;
				MTL_ENABLE_DEBUG_INFO = YES;
				ONLY_ACTIVE_ARCH = NO;
				SDKROOT = iphoneos;
				SWIFT_OPTIMIZATION_LEVEL = "-Onone";
				VALID_ARCHS = "armv7 armv7s";
			};
			name = Debug;
		};
		498D3DF41C09D3560013E1EA /* Release */ = {
			isa = XCBuildConfiguration;
			buildSettings = {
				ALWAYS_SEARCH_USER_PATHS = NO;
				CLANG_CXX_LANGUAGE_STANDARD = "gnu++0x";
				CLANG_CXX_LIBRARY = "libc++";
				CLANG_ENABLE_MODULES = YES;
				CLANG_ENABLE_OBJC_ARC = YES;
				CLANG_WARN_BOOL_CONVERSION = YES;
				CLANG_WARN_CONSTANT_CONVERSION = YES;
				CLANG_WARN_DIRECT_OBJC_ISA_USAGE = YES_ERROR;
				CLANG_WARN_EMPTY_BODY = YES;
				CLANG_WARN_ENUM_CONVERSION = YES;
				CLANG_WARN_INT_CONVERSION = YES;
				CLANG_WARN_OBJC_ROOT_CLASS = YES_ERROR;
				CLANG_WARN_UNREACHABLE_CODE = YES;
				CLANG_WARN__DUPLICATE_METHOD_MATCH = YES;
				"CODE_SIGN_IDENTITY[sdk=iphoneos*]" = "iPhone Developer";
				COPY_PHASE_STRIP = NO;
				DEBUG_INFORMATION_FORMAT = "dwarf-with-dsym";
				ENABLE_NS_ASSERTIONS = NO;
				ENABLE_STRICT_OBJC_MSGSEND = YES;
				GCC_C_LANGUAGE_STANDARD = gnu99;
				GCC_NO_COMMON_BLOCKS = YES;
				GCC_WARN_64_TO_32_BIT_CONVERSION = YES;
				GCC_WARN_ABOUT_RETURN_TYPE = YES_ERROR;
				GCC_WARN_UNDECLARED_SELECTOR = YES;
				GCC_WARN_UNINITIALIZED_AUTOS = YES_AGGRESSIVE;
				GCC_WARN_UNUSED_FUNCTION = YES;
				GCC_WARN_UNUSED_VARIABLE = YES;
				IPHONEOS_DEPLOYMENT_TARGET = 9.1;
				MTL_ENABLE_DEBUG_INFO = NO;
				ONLY_ACTIVE_ARCH = NO;
				SDKROOT = iphoneos;
				VALIDATE_PRODUCT = YES;
				VALID_ARCHS = "armv7 armv7s";
			};
			name = Release;
		};
		498D3DF61C09D3560013E1EA /* Debug */ = {
			isa = XCBuildConfiguration;
			buildSettings = {
				ASSETCATALOG_COMPILER_APPICON_NAME = AppIcon;
				CODE_SIGN_IDENTITY = "iPhone Developer";
				"CODE_SIGN_IDENTITY[sdk=iphoneos*]" = "iPhone Developer";
				FRAMEWORK_SEARCH_PATHS = (
					"$(inherited)",
					"$(PROJECT_DIR)/GSpent",
				);
				INFOPLIST_FILE = GSpent/Info.plist;
				LD_RUNPATH_SEARCH_PATHS = "$(inherited) @executable_path/Frameworks";
				LIBRARY_SEARCH_PATHS = (
					"$(inherited)",
					"$(PROJECT_DIR)/GSpent",
				);
				ONLY_ACTIVE_ARCH = NO;
				PRODUCT_BUNDLE_IDENTIFIER = me.jiaheliu.gspent1;
				PRODUCT_NAME = "$(TARGET_NAME)";
				PROVISIONING_PROFILE = "";
				SWIFT_OBJC_BRIDGING_HEADER = /Users/Laurence/Documents/iOS/GSpent/GSpent/Header.h;
				VALID_ARCHS = "armv7 armv7s";
			};
			name = Debug;
		};
		498D3DF71C09D3560013E1EA /* Release */ = {
			isa = XCBuildConfiguration;
			buildSettings = {
				ASSETCATALOG_COMPILER_APPICON_NAME = AppIcon;
				CODE_SIGN_IDENTITY = "iPhone Developer";
				"CODE_SIGN_IDENTITY[sdk=iphoneos*]" = "iPhone Developer";
				FRAMEWORK_SEARCH_PATHS = (
					"$(inherited)",
					"$(PROJECT_DIR)/GSpent",
				);
				INFOPLIST_FILE = GSpent/Info.plist;
				LD_RUNPATH_SEARCH_PATHS = "$(inherited) @executable_path/Frameworks";
				LIBRARY_SEARCH_PATHS = (
					"$(inherited)",
					"$(PROJECT_DIR)/GSpent",
				);
				ONLY_ACTIVE_ARCH = NO;
				PRODUCT_BUNDLE_IDENTIFIER = me.jiaheliu.gspent1;
				PRODUCT_NAME = "$(TARGET_NAME)";
				PROVISIONING_PROFILE = "";
				SWIFT_OBJC_BRIDGING_HEADER = /Users/Laurence/Documents/iOS/GSpent/GSpent/Header.h;
				VALID_ARCHS = "armv7 armv7s";
			};
			name = Release;
		};
		498D3DF91C09D3560013E1EA /* Debug */ = {
			isa = XCBuildConfiguration;
			buildSettings = {
				BUNDLE_LOADER = "$(TEST_HOST)";
				INFOPLIST_FILE = GSpentTests/Info.plist;
				LD_RUNPATH_SEARCH_PATHS = "$(inherited) @executable_path/Frameworks @loader_path/Frameworks";
				PRODUCT_BUNDLE_IDENTIFIER = me.jiaheliu.GSpentTests;
				PRODUCT_NAME = "$(TARGET_NAME)";
				TEST_HOST = "$(BUILT_PRODUCTS_DIR)/GSpent.app/GSpent";
			};
			name = Debug;
		};
		498D3DFA1C09D3560013E1EA /* Release */ = {
			isa = XCBuildConfiguration;
			buildSettings = {
				BUNDLE_LOADER = "$(TEST_HOST)";
				INFOPLIST_FILE = GSpentTests/Info.plist;
				LD_RUNPATH_SEARCH_PATHS = "$(inherited) @executable_path/Frameworks @loader_path/Frameworks";
				PRODUCT_BUNDLE_IDENTIFIER = me.jiaheliu.GSpentTests;
				PRODUCT_NAME = "$(TARGET_NAME)";
				TEST_HOST = "$(BUILT_PRODUCTS_DIR)/GSpent.app/GSpent";
			};
			name = Release;
		};
		498D3DFC1C09D3560013E1EA /* Debug */ = {
			isa = XCBuildConfiguration;
			buildSettings = {
				INFOPLIST_FILE = GSpentUITests/Info.plist;
				LD_RUNPATH_SEARCH_PATHS = "$(inherited) @executable_path/Frameworks @loader_path/Frameworks";
				PRODUCT_BUNDLE_IDENTIFIER = me.jiaheliu.GSpentUITests;
				PRODUCT_NAME = "$(TARGET_NAME)";
				TEST_TARGET_NAME = GSpent;
				USES_XCTRUNNER = YES;
			};
			name = Debug;
		};
		498D3DFD1C09D3560013E1EA /* Release */ = {
			isa = XCBuildConfiguration;
			buildSettings = {
				INFOPLIST_FILE = GSpentUITests/Info.plist;
				LD_RUNPATH_SEARCH_PATHS = "$(inherited) @executable_path/Frameworks @loader_path/Frameworks";
				PRODUCT_BUNDLE_IDENTIFIER = me.jiaheliu.GSpentUITests;
				PRODUCT_NAME = "$(TARGET_NAME)";
				TEST_TARGET_NAME = GSpent;
				USES_XCTRUNNER = YES;
			};
			name = Release;
		};
/* End XCBuildConfiguration section */

/* Begin XCConfigurationList section */
		498D3DC61C09D3560013E1EA /* Build configuration list for PBXProject "GSpent" */ = {
			isa = XCConfigurationList;
			buildConfigurations = (
				498D3DF31C09D3560013E1EA /* Debug */,
				498D3DF41C09D3560013E1EA /* Release */,
			);
			defaultConfigurationIsVisible = 0;
			defaultConfigurationName = Release;
		};
		498D3DF51C09D3560013E1EA /* Build configuration list for PBXNativeTarget "GSpent" */ = {
			isa = XCConfigurationList;
			buildConfigurations = (
				498D3DF61C09D3560013E1EA /* Debug */,
				498D3DF71C09D3560013E1EA /* Release */,
			);
			defaultConfigurationIsVisible = 0;
			defaultConfigurationName = Release;
		};
		498D3DF81C09D3560013E1EA /* Build configuration list for PBXNativeTarget "GSpentTests" */ = {
			isa = XCConfigurationList;
			buildConfigurations = (
				498D3DF91C09D3560013E1EA /* Debug */,
				498D3DFA1C09D3560013E1EA /* Release */,
			);
			defaultConfigurationIsVisible = 0;
			defaultConfigurationName = Release;
		};
		498D3DFB1C09D3560013E1EA /* Build configuration list for PBXNativeTarget "GSpentUITests" */ = {
			isa = XCConfigurationList;
			buildConfigurations = (
				498D3DFC1C09D3560013E1EA /* Debug */,
				498D3DFD1C09D3560013E1EA /* Release */,
			);
			defaultConfigurationIsVisible = 0;
			defaultConfigurationName = Release;
		};
/* End XCConfigurationList section */
	};
	rootObject = 498D3DC31C09D3560013E1EA /* Project object */;
}
